
Microsoft Visual Studio Solution File, Format Version 12.00
# Visual Studio 15
VisualStudioVersion = 15.0.28307.645
MinimumVisualStudioVersion = 10.0.40219.1
Project("{FAE04EC0-301F-11D3-BF4B-00C04F79EFBC}") = "NetCoreCustomAnnotation", "NetCoreCustomAnnotation\NetCoreCustomAnnotation.csproj", "{224D0A5F-4A5E-4B3C-99C4-136B55AD1B2A}"
EndProject
Global
	GlobalSection(SolutionConfigurationPlatforms) = preSolution
		Debug|Any CPU = Debug|Any CPU
		Release|Any CPU = Release|Any CPU
	EndGlobalSection
	GlobalSection(ProjectConfigurationPlatforms) = postSolution
		{224D0A5F-4A5E-4B3C-99C4-136B55AD1B2A}.Debug|Any CPU.ActiveCfg = Debug|Any CPU
		{224D0A5F-4A5E-4B3C-99C4-136B55AD1B2A}.Debug|Any CPU.Build.0 = Debug|Any CPU
		{224D0A5F-4A5E-4B3C-99C4-136B55AD1B2A}.Release|Any CPU.ActiveCfg = Release|Any CPU
		{224D0A5F-4A5E-4B3C-99C4-136B55AD1B2A}.Release|Any CPU.Build.0 = Release|Any CPU
	EndGlobalSection
	GlobalSection(SolutionProperties) = preSolution
		HideSolutionNode = FALSE
	EndGlobalSection
	GlobalSection(ExtensibilityGlobals) = postSolution
		SolutionGuid = {F58F5A52-168E-4363-B945-BF51825F14EC}
	EndGlobalSection
EndGlobal
